
Microsoft Visual Studio Solution File, Format Version 12.00
Project("{FAE04EC0-301F-11D3-BF4B-00C04F79EFBC}") = "Macro-Deck-GHub-Batteries", "Macro-Deck-GHub-Batteries.csproj", "{E160FA5C-33BC-40D2-B2FF-3F456BE3791E}"
EndProject
Global
	GlobalSection(SolutionConfigurationPlatforms) = preSolution
		Debug|Any CPU = Debug|Any CPU
		Release|Any CPU = Release|Any CPU
	EndGlobalSection
	GlobalSection(ProjectConfigurationPlatforms) = postSolution
		{E160FA5C-33BC-40D2-B2FF-3F456BE3791E}.Debug|Any CPU.ActiveCfg = Debug|Any CPU
		{E160FA5C-33BC-40D2-B2FF-3F456BE3791E}.Debug|Any CPU.Build.0 = Debug|Any CPU
		{E160FA5C-33BC-40D2-B2FF-3F456BE3791E}.Release|Any CPU.ActiveCfg = Release|Any CPU
		{E160FA5C-33BC-40D2-B2FF-3F456BE3791E}.Release|Any CPU.Build.0 = Release|Any CPU
	EndGlobalSection
EndGlobal
